
Microsoft Visual Studio Solution File, Format Version 12.00
# Visual Studio 15
VisualStudioVersion = 15.0.28307.645
MinimumVisualStudioVersion = 10.0.40219.1
Project("{FAE04EC0-301F-11D3-BF4B-00C04F79EFBC}") = "App_ConsultaCep.Android", "App_ConsultaCep\App_ConsultaCep.Android\App_ConsultaCep.Android.csproj", "{33C95CF3-C4A2-490D-B5D6-A1C3D752B1A9}"
EndProject
Project("{FAE04EC0-301F-11D3-BF4B-00C04F79EFBC}") = "App_ConsultaCep.iOS", "App_ConsultaCep\App_ConsultaCep.iOS\App_ConsultaCep.iOS.csproj", "{48E4EB75-BC6E-48DE-A671-09E0FAABF241}"
EndProject
Project("{FAE04EC0-301F-11D3-BF4B-00C04F79EFBC}") = "App_ConsultaCep.UWP", "App_ConsultaCep\App_ConsultaCep.UWP\App_ConsultaCep.UWP.csproj", "{1C4E3EE8-23C6-40D9-A7C8-AF75FD062EC2}"
EndProject
Project("{FAE04EC0-301F-11D3-BF4B-00C04F79EFBC}") = "App_ConsultaCep", "App_ConsultaCep\App_ConsultaCep\App_ConsultaCep.csproj", "{921EAA69-EFA2-403F-AAA7-02AE5FB899DA}"
EndProject
Global
	GlobalSection(SolutionConfigurationPlatforms) = preSolution
		Ad-Hoc|Any CPU = Ad-Hoc|Any CPU
		Ad-Hoc|ARM = Ad-Hoc|ARM
		Ad-Hoc|iPhone = Ad-Hoc|iPhone
		Ad-Hoc|iPhoneSimulator = Ad-Hoc|iPhoneSimulator
		Ad-Hoc|x64 = Ad-Hoc|x64
		Ad-Hoc|x86 = Ad-Hoc|x86
		AppStore|Any CPU = AppStore|Any CPU
		AppStore|ARM = AppStore|ARM
		AppStore|iPhone = AppStore|iPhone
		AppStore|iPhoneSimulator = AppStore|iPhoneSimulator
		AppStore|x64 = AppStore|x64
		AppStore|x86 = AppStore|x86
		Debug|Any CPU = Debug|Any CPU
		Debug|ARM = Debug|ARM
		Debug|iPhone = Debug|iPhone
		Debug|iPhoneSimulator = Debug|iPhoneSimulator
		Debug|x64 = Debug|x64
		Debug|x86 = Debug|x86
		Release|Any CPU = Release|Any CPU
		Release|ARM = Release|ARM
		Release|iPhone = Release|iPhone
		Release|iPhoneSimulator = Release|iPhoneSimulator
		Release|x64 = Release|x64
		Release|x86 = Release|x86
	EndGlobalSection
	GlobalSection(ProjectConfigurationPlatforms) = postSolution
		{33C95CF3-C4A2-490D-B5D6-A1C3D752B1A9}.Ad-Hoc|Any CPU.ActiveCfg = Release|Any CPU
		{33C95CF3-C4A2-490D-B5D6-A1C3D752B1A9}.Ad-Hoc|Any CPU.Build.0 = Release|Any CPU
		{33C95CF3-C4A2-490D-B5D6-A1C3D752B1A9}.Ad-Hoc|Any CPU.Deploy.0 = Release|Any CPU
		{33C95CF3-C4A2-490D-B5D6-A1C3D752B1A9}.Ad-Hoc|ARM.ActiveCfg = Release|Any CPU
		{33C95CF3-C4A2-490D-B5D6-A1C3D752B1A9}.Ad-Hoc|ARM.Build.0 = Release|Any CPU
		{33C95CF3-C4A2-490D-B5D6-A1C3D752B1A9}.Ad-Hoc|ARM.Deploy.0 = Release|Any CPU
		{33C95CF3-C4A2-490D-B5D6-A1C3D752B1A9}.Ad-Hoc|iPhone.ActiveCfg = Release|Any CPU
		{33C95CF3-C4A2-490D-B5D6-A1C3D752B1A9}.Ad-Hoc|iPhone.Build.0 = Release|Any CPU
		{33C95CF3-C4A2-490D-B5D6-A1C3D752B1A9}.Ad-Hoc|iPhone.Deploy.0 = Release|Any CPU
		{33C95CF3-C4A2-490D-B5D6-A1C3D752B1A9}.Ad-Hoc|iPhoneSimulator.ActiveCfg = Release|Any CPU
		{33C95CF3-C4A2-490D-B5D6-A1C3D752B1A9}.Ad-Hoc|iPhoneSimulator.Build.0 = Release|Any CPU
		{33C95CF3-C4A2-490D-B5D6-A1C3D752B1A9}.Ad-Hoc|iPhoneSimulator.Deploy.0 = Release|Any CPU
		{33C95CF3-C4A2-490D-B5D6-A1C3D752B1A9}.Ad-Hoc|x64.ActiveCfg = Release|Any CPU
		{33C95CF3-C4A2-490D-B5D6-A1C3D752B1A9}.Ad-Hoc|x64.Build.0 = Release|Any CPU
		{33C95CF3-C4A2-490D-B5D6-A1C3D752B1A9}.Ad-Hoc|x64.Deploy.0 = Release|Any CPU
		{33C95CF3-C4A2-490D-B5D6-A1C3D752B1A9}.Ad-Hoc|x86.ActiveCfg = Release|Any CPU
		{33C95CF3-C4A2-490D-B5D6-A1C3D752B1A9}.Ad-Hoc|x86.Build.0 = Release|Any CPU
		{33C95CF3-C4A2-490D-B5D6-A1C3D752B1A9}.Ad-Hoc|x86.Deploy.0 = Release|Any CPU
		{33C95CF3-C4A2-490D-B5D6-A1C3D752B1A9}.AppStore|Any CPU.ActiveCfg = Release|Any CPU
		{33C95CF3-C4A2-490D-B5D6-A1C3D752B1A9}.AppStore|Any CPU.Build.0 = Release|Any CPU
		{33C95CF3-C4A2-490D-B5D6-A1C3D752B1A9}.AppStore|Any CPU.Deploy.0 = Release|Any CPU
		{33C95CF3-C4A2-490D-B5D6-A1C3D752B1A9}.AppStore|ARM.ActiveCfg = Release|Any CPU
		{33C95CF3-C4A2-490D-B5D6-A1C3D752B1A9}.AppStore|ARM.Build.0 = Release|Any CPU
		{33C95CF3-C4A2-490D-B5D6-A1C3D752B1A9}.AppStore|ARM.Deploy.0 = Release|Any CPU
		{33C95CF3-C4A2-490D-B5D6-A1C3D752B1A9}.AppStore|iPhone.ActiveCfg = Release|Any CPU
		{33C95CF3-C4A2-490D-B5D6-A1C3D752B1A9}.AppStore|iPhone.Build.0 = Release|Any CPU
		{33C95CF3-C4A2-490D-B5D6-A1C3D752B1A9}.AppStore|iPhone.Deploy.0 = Release|Any CPU
		{33C95CF3-C4A2-490D-B5D6-A1C3D752B1A9}.AppStore|iPhoneSimulator.ActiveCfg = Release|Any CPU
		{33C95CF3-C4A2-490D-B5D6-A1C3D752B1A9}.AppStore|iPhoneSimulator.Build.0 = Release|Any CPU
		{33C95CF3-C4A2-490D-B5D6-A1C3D752B1A9}.AppStore|iPhoneSimulator.Deploy.0 = Release|Any CPU
		{33C95CF3-C4A2-490D-B5D6-A1C3D752B1A9}.AppStore|x64.ActiveCfg = Release|Any CPU
		{33C95CF3-C4A2-490D-B5D6-A1C3D752B1A9}.AppStore|x64.Build.0 = Release|Any CPU
		{33C95CF3-C4A2-490D-B5D6-A1C3D752B1A9}.AppStore|x64.Deploy.0 = Release|Any CPU
		{33C95CF3-C4A2-490D-B5D6-A1C3D752B1A9}.AppStore|x86.ActiveCfg = Release|Any CPU
		{33C95CF3-C4A2-490D-B5D6-A1C3D752B1A9}.AppStore|x86.Build.0 = Release|Any CPU
		{33C95CF3-C4A2-490D-B5D6-A1C3D752B1A9}.AppStore|x86.Deploy.0 = Release|Any CPU
		{33C95CF3-C4A2-490D-B5D6-A1C3D752B1A9}.Debug|Any CPU.ActiveCfg = Debug|Any CPU
		{33C95CF3-C4A2-490D-B5D6-A1C3D752B1A9}.Debug|Any CPU.Build.0 = Debug|Any CPU
		{33C95CF3-C4A2-490D-B5D6-A1C3D752B1A9}.Debug|Any CPU.Deploy.0 = Debug|Any CPU
		{33C95CF3-C4A2-490D-B5D6-A1C3D752B1A9}.Debug|ARM.ActiveCfg = Debug|Any CPU
		{33C95CF3-C4A2-490D-B5D6-A1C3D752B1A9}.Debug|ARM.Build.0 = Debug|Any CPU
		{33C95CF3-C4A2-490D-B5D6-A1C3D752B1A9}.Debug|ARM.Deploy.0 = Debug|Any CPU
		{33C95CF3-C4A2-490D-B5D6-A1C3D752B1A9}.Debug|iPhone.ActiveCfg = Debug|Any CPU
		{33C95CF3-C4A2-490D-B5D6-A1C3D752B1A9}.Debug|iPhone.Build.0 = Debug|Any CPU
		{33C95CF3-C4A2-490D-B5D6-A1C3D752B1A9}.Debug|iPhone.Deploy.0 = Debug|Any CPU
		{33C95CF3-C4A2-490D-B5D6-A1C3D752B1A9}.Debug|iPhoneSimulator.ActiveCfg = Debug|Any CPU
		{33C95CF3-C4A2-490D-B5D6-A1C3D752B1A9}.Debug|iPhoneSimulator.Build.0 = Debug|Any CPU
		{33C95CF3-C4A2-490D-B5D6-A1C3D752B1A9}.Debug|iPhoneSimulator.Deploy.0 = Debug|Any CPU
		{33C95CF3-C4A2-490D-B5D6-A1C3D752B1A9}.Debug|x64.ActiveCfg = Debug|Any CPU
		{33C95CF3-C4A2-490D-B5D6-A1C3D752B1A9}.Debug|x64.Build.0 = Debug|Any CPU
		{33C95CF3-C4A2-490D-B5D6-A1C3D752B1A9}.Debug|x64.Deploy.0 = Debug|Any CPU
		{33C95CF3-C4A2-490D-B5D6-A1C3D752B1A9}.Debug|x86.ActiveCfg = Debug|Any CPU
		{33C95CF3-C4A2-490D-B5D6-A1C3D752B1A9}.Debug|x86.Build.0 = Debug|Any CPU
		{33C95CF3-C4A2-490D-B5D6-A1C3D752B1A9}.Debug|x86.Deploy.0 = Debug|Any CPU
		{33C95CF3-C4A2-490D-B5D6-A1C3D752B1A9}.Release|Any CPU.ActiveCfg = Release|Any CPU
		{33C95CF3-C4A2-490D-B5D6-A1C3D752B1A9}.Release|Any CPU.Build.0 = Release|Any CPU
		{33C95CF3-C4A2-490D-B5D6-A1C3D752B1A9}.Release|Any CPU.Deploy.0 = Release|Any CPU
		{33C95CF3-C4A2-490D-B5D6-A1C3D752B1A9}.Release|ARM.ActiveCfg = Release|Any CPU
		{33C95CF3-C4A2-490D-B5D6-A1C3D752B1A9}.Release|ARM.Build.0 = Release|Any CPU
		{33C95CF3-C4A2-490D-B5D6-A1C3D752B1A9}.Release|ARM.Deploy.0 = Release|Any CPU
		{33C95CF3-C4A2-490D-B5D6-A1C3D752B1A9}.Release|iPhone.ActiveCfg = Release|Any CPU
		{33C95CF3-C4A2-490D-B5D6-A1C3D752B1A9}.Release|iPhone.Build.0 = Release|Any CPU
		{33C95CF3-C4A2-490D-B5D6-A1C3D752B1A9}.Release|iPhone.Deploy.0 = Release|Any CPU
		{33C95CF3-C4A2-490D-B5D6-A1C3D752B1A9}.Release|iPhoneSimulator.ActiveCfg = Release|Any CPU
		{33C95CF3-C4A2-490D-B5D6-A1C3D752B1A9}.Release|iPhoneSimulator.Build.0 = Release|Any CPU
		{33C95CF3-C4A2-490D-B5D6-A1C3D752B1A9}.Release|iPhoneSimulator.Deploy.0 = Release|Any CPU
		{33C95CF3-C4A2-490D-B5D6-A1C3D752B1A9}.Release|x64.ActiveCfg = Release|Any CPU
		{33C95CF3-C4A2-490D-B5D6-A1C3D752B1A9}.Release|x64.Build.0 = Release|Any CPU
		{33C95CF3-C4A2-490D-B5D6-A1C3D752B1A9}.Release|x64.Deploy.0 = Release|Any CPU
		{33C95CF3-C4A2-490D-B5D6-A1C3D752B1A9}.Release|x86.ActiveCfg = Release|Any CPU
		{33C95CF3-C4A2-490D-B5D6-A1C3D752B1A9}.Release|x86.Build.0 = Release|Any CPU
		{33C95CF3-C4A2-490D-B5D6-A1C3D752B1A9}.Release|x86.Deploy.0 = Release|Any CPU
		{48E4EB75-BC6E-48DE-A671-09E0FAABF241}.Ad-Hoc|Any CPU.ActiveCfg = Ad-Hoc|iPhone
		{48E4EB75-BC6E-48DE-A671-09E0FAABF241}.Ad-Hoc|Any CPU.Build.0 = Ad-Hoc|iPhone
		{48E4EB75-BC6E-48DE-A671-09E0FAABF241}.Ad-Hoc|Any CPU.Deploy.0 = Ad-Hoc|iPhone
		{48E4EB75-BC6E-48DE-A671-09E0FAABF241}.Ad-Hoc|ARM.ActiveCfg = Ad-Hoc|iPhone
		{48E4EB75-BC6E-48DE-A671-09E0FAABF241}.Ad-Hoc|ARM.Build.0 = Ad-Hoc|iPhone
		{48E4EB75-BC6E-48DE-A671-09E0FAABF241}.Ad-Hoc|ARM.Deploy.0 = Ad-Hoc|iPhone
		{48E4EB75-BC6E-48DE-A671-09E0FAABF241}.Ad-Hoc|iPhone.ActiveCfg = Ad-Hoc|iPhone
		{48E4EB75-BC6E-48DE-A671-09E0FAABF241}.Ad-Hoc|iPhone.Build.0 = Ad-Hoc|iPhone
		{48E4EB75-BC6E-48DE-A671-09E0FAABF241}.Ad-Hoc|iPhone.Deploy.0 = Ad-Hoc|iPhone
		{48E4EB75-BC6E-48DE-A671-09E0FAABF241}.Ad-Hoc|iPhoneSimulator.ActiveCfg = Ad-Hoc|iPhoneSimulator
		{48E4EB75-BC6E-48DE-A671-09E0FAABF241}.Ad-Hoc|iPhoneSimulator.Build.0 = Ad-Hoc|iPhoneSimulator
		{48E4EB75-BC6E-48DE-A671-09E0FAABF241}.Ad-Hoc|iPhoneSimulator.Deploy.0 = Ad-Hoc|iPhoneSimulator
		{48E4EB75-BC6E-48DE-A671-09E0FAABF241}.Ad-Hoc|x64.ActiveCfg = Ad-Hoc|iPhone
		{48E4EB75-BC6E-48DE-A671-09E0FAABF241}.Ad-Hoc|x64.Build.0 = Ad-Hoc|iPhone
		{48E4EB75-BC6E-48DE-A671-09E0FAABF241}.Ad-Hoc|x64.Deploy.0 = Ad-Hoc|iPhone
		{48E4EB75-BC6E-48DE-A671-09E0FAABF241}.Ad-Hoc|x86.ActiveCfg = Ad-Hoc|iPhone
		{48E4EB75-BC6E-48DE-A671-09E0FAABF241}.Ad-Hoc|x86.Build.0 = Ad-Hoc|iPhone
		{48E4EB75-BC6E-48DE-A671-09E0FAABF241}.Ad-Hoc|x86.Deploy.0 = Ad-Hoc|iPhone
		{48E4EB75-BC6E-48DE-A671-09E0FAABF241}.AppStore|Any CPU.ActiveCfg = AppStore|iPhone
		{48E4EB75-BC6E-48DE-A671-09E0FAABF241}.AppStore|Any CPU.Build.0 = AppStore|iPhone
		{48E4EB75-BC6E-48DE-A671-09E0FAABF241}.AppStore|Any CPU.Deploy.0 = AppStore|iPhone
		{48E4EB75-BC6E-48DE-A671-09E0FAABF241}.AppStore|ARM.ActiveCfg = AppStore|iPhone
		{48E4EB75-BC6E-48DE-A671-09E0FAABF241}.AppStore|ARM.Build.0 = AppStore|iPhone
		{48E4EB75-BC6E-48DE-A671-09E0FAABF241}.AppStore|ARM.Deploy.0 = AppStore|iPhone
		{48E4EB75-BC6E-48DE-A671-09E0FAABF241}.AppStore|iPhone.ActiveCfg = AppStore|iPhone
		{48E4EB75-BC6E-48DE-A671-09E0FAABF241}.AppStore|iPhone.Build.0 = AppStore|iPhone
		{48E4EB75-BC6E-48DE-A671-09E0FAABF241}.AppStore|iPhone.Deploy.0 = AppStore|iPhone
		{48E4EB75-BC6E-48DE-A671-09E0FAABF241}.AppStore|iPhoneSimulator.ActiveCfg = AppStore|iPhoneSimulator
		{48E4EB75-BC6E-48DE-A671-09E0FAABF241}.AppStore|iPhoneSimulator.Build.0 = AppStore|iPhoneSimulator
		{48E4EB75-BC6E-48DE-A671-09E0FAABF241}.AppStore|iPhoneSimulator.Deploy.0 = AppStore|iPhoneSimulator
		{48E4EB75-BC6E-48DE-A671-09E0FAABF241}.AppStore|x64.ActiveCfg = AppStore|iPhone
		{48E4EB75-BC6E-48DE-A671-09E0FAABF241}.AppStore|x64.Build.0 = AppStore|iPhone
		{48E4EB75-BC6E-48DE-A671-09E0FAABF241}.AppStore|x64.Deploy.0 = AppStore|iPhone
		{48E4EB75-BC6E-48DE-A671-09E0FAABF241}.AppStore|x86.ActiveCfg = AppStore|iPhone
		{48E4EB75-BC6E-48DE-A671-09E0FAABF241}.AppStore|x86.Build.0 = AppStore|iPhone
		{48E4EB75-BC6E-48DE-A671-09E0FAABF241}.AppStore|x86.Deploy.0 = AppStore|iPhone
		{48E4EB75-BC6E-48DE-A671-09E0FAABF241}.Debug|Any CPU.ActiveCfg = Debug|iPhoneSimulator
		{48E4EB75-BC6E-48DE-A671-09E0FAABF241}.Debug|Any CPU.Build.0 = Debug|iPhoneSimulator
		{48E4EB75-BC6E-48DE-A671-09E0FAABF241}.Debug|Any CPU.Deploy.0 = Debug|iPhoneSimulator
		{48E4EB75-BC6E-48DE-A671-09E0FAABF241}.Debug|ARM.ActiveCfg = Debug|iPhone
		{48E4EB75-BC6E-48DE-A671-09E0FAABF241}.Debug|ARM.Build.0 = Debug|iPhone
		{48E4EB75-BC6E-48DE-A671-09E0FAABF241}.Debug|ARM.Deploy.0 = Debug|iPhone
		{48E4EB75-BC6E-48DE-A671-09E0FAABF241}.Debug|iPhone.ActiveCfg = Debug|iPhone
		{48E4EB75-BC6E-48DE-A671-09E0FAABF241}.Debug|iPhone.Build.0 = Debug|iPhone
		{48E4EB75-BC6E-48DE-A671-09E0FAABF241}.Debug|iPhone.Deploy.0 = Debug|iPhone
		{48E4EB75-BC6E-48DE-A671-09E0FAABF241}.Debug|iPhoneSimulator.ActiveCfg = Debug|iPhoneSimulator
		{48E4EB75-BC6E-48DE-A671-09E0FAABF241}.Debug|iPhoneSimulator.Build.0 = Debug|iPhoneSimulator
		{48E4EB75-BC6E-48DE-A671-09E0FAABF241}.Debug|iPhoneSimulator.Deploy.0 = Debug|iPhoneSimulator
		{48E4EB75-BC6E-48DE-A671-09E0FAABF241}.Debug|x64.ActiveCfg = Debug|iPhone
		{48E4EB75-BC6E-48DE-A671-09E0FAABF241}.Debug|x64.Build.0 = Debug|iPhone
		{48E4EB75-BC6E-48DE-A671-09E0FAABF241}.Debug|x64.Deploy.0 = Debug|iPhone
		{48E4EB75-BC6E-48DE-A671-09E0FAABF241}.Debug|x86.ActiveCfg = Debug|iPhone
		{48E4EB75-BC6E-48DE-A671-09E0FAABF241}.Debug|x86.Build.0 = Debug|iPhone
		{48E4EB75-BC6E-48DE-A671-09E0FAABF241}.Debug|x86.Deploy.0 = Debug|iPhone
		{48E4EB75-BC6E-48DE-A671-09E0FAABF241}.Release|Any CPU.ActiveCfg = Release|iPhone
		{48E4EB75-BC6E-48DE-A671-09E0FAABF241}.Release|Any CPU.Build.0 = Release|iPhone
		{48E4EB75-BC6E-48DE-A671-09E0FAABF241}.Release|Any CPU.Deploy.0 = Release|iPhone
		{48E4EB75-BC6E-48DE-A671-09E0FAABF241}.Release|ARM.ActiveCfg = Release|iPhone
		{48E4EB75-BC6E-48DE-A671-09E0FAABF241}.Release|ARM.Build.0 = Release|iPhone
		{48E4EB75-BC6E-48DE-A671-09E0FAABF241}.Release|ARM.Deploy.0 = Release|iPhone
		{48E4EB75-BC6E-48DE-A671-09E0FAABF241}.Release|iPhone.ActiveCfg = Release|iPhone
		{48E4EB75-BC6E-48DE-A671-09E0FAABF241}.Release|iPhone.Build.0 = Release|iPhone
		{48E4EB75-BC6E-48DE-A671-09E0FAABF241}.Release|iPhone.Deploy.0 = Release|iPhone
		{48E4EB75-BC6E-48DE-A671-09E0FAABF241}.Release|iPhoneSimulator.ActiveCfg = Release|iPhoneSimulator
		{48E4EB75-BC6E-48DE-A671-09E0FAABF241}.Release|iPhoneSimulator.Build.0 = Release|iPhoneSimulator
		{48E4EB75-BC6E-48DE-A671-09E0FAABF241}.Release|iPhoneSimulator.Deploy.0 = Release|iPhoneSimulator
		{48E4EB75-BC6E-48DE-A671-09E0FAABF241}.Release|x64.ActiveCfg = Release|iPhone
		{48E4EB75-BC6E-48DE-A671-09E0FAABF241}.Release|x64.Build.0 = Release|iPhone
		{48E4EB75-BC6E-48DE-A671-09E0FAABF241}.Release|x64.Deploy.0 = Release|iPhone
		{48E4EB75-BC6E-48DE-A671-09E0FAABF241}.Release|x86.ActiveCfg = Release|iPhone
		{48E4EB75-BC6E-48DE-A671-09E0FAABF241}.Release|x86.Build.0 = Release|iPhone
		{48E4EB75-BC6E-48DE-A671-09E0FAABF241}.Release|x86.Deploy.0 = Release|iPhone
		{1C4E3EE8-23C6-40D9-A7C8-AF75FD062EC2}.Ad-Hoc|Any CPU.ActiveCfg = Release|x86
		{1C4E3EE8-23C6-40D9-A7C8-AF75FD062EC2}.Ad-Hoc|Any CPU.Build.0 = Release|x86
		{1C4E3EE8-23C6-40D9-A7C8-AF75FD062EC2}.Ad-Hoc|Any CPU.Deploy.0 = Release|x86
		{1C4E3EE8-23C6-40D9-A7C8-AF75FD062EC2}.Ad-Hoc|ARM.ActiveCfg = Release|ARM
		{1C4E3EE8-23C6-40D9-A7C8-AF75FD062EC2}.Ad-Hoc|ARM.Build.0 = Release|ARM
		{1C4E3EE8-23C6-40D9-A7C8-AF75FD062EC2}.Ad-Hoc|ARM.Deploy.0 = Release|ARM
		{1C4E3EE8-23C6-40D9-A7C8-AF75FD062EC2}.Ad-Hoc|iPhone.ActiveCfg = Release|x86
		{1C4E3EE8-23C6-40D9-A7C8-AF75FD062EC2}.Ad-Hoc|iPhone.Build.0 = Release|x86
		{1C4E3EE8-23C6-40D9-A7C8-AF75FD062EC2}.Ad-Hoc|iPhone.Deploy.0 = Release|x86
		{1C4E3EE8-23C6-40D9-A7C8-AF75FD062EC2}.Ad-Hoc|iPhoneSimulator.ActiveCfg = Release|x86
		{1C4E3EE8-23C6-40D9-A7C8-AF75FD062EC2}.Ad-Hoc|iPhoneSimulator.Build.0 = Release|x86
		{1C4E3EE8-23C6-40D9-A7C8-AF75FD062EC2}.Ad-Hoc|iPhoneSimulator.Deploy.0 = Release|x86
		{1C4E3EE8-23C6-40D9-A7C8-AF75FD062EC2}.Ad-Hoc|x64.ActiveCfg = Release|x64
		{1C4E3EE8-23C6-40D9-A7C8-AF75FD062EC2}.Ad-Hoc|x64.Build.0 = Release|x64
		{1C4E3EE8-23C6-40D9-A7C8-AF75FD062EC2}.Ad-Hoc|x64.Deploy.0 = Release|x64
		{1C4E3EE8-23C6-40D9-A7C8-AF75FD062EC2}.Ad-Hoc|x86.ActiveCfg = Release|x86
		{1C4E3EE8-23C6-40D9-A7C8-AF75FD062EC2}.Ad-Hoc|x86.Build.0 = Release|x86
		{1C4E3EE8-23C6-40D9-A7C8-AF75FD062EC2}.Ad-Hoc|x86.Deploy.0 = Release|x86
		{1C4E3EE8-23C6-40D9-A7C8-AF75FD062EC2}.AppStore|Any CPU.ActiveCfg = Release|x86
		{1C4E3EE8-23C6-40D9-A7C8-AF75FD062EC2}.AppStore|Any CPU.Build.0 = Release|x86
		{1C4E3EE8-23C6-40D9-A7C8-AF75FD062EC2}.AppStore|Any CPU.Deploy.0 = Release|x86
		{1C4E3EE8-23C6-40D9-A7C8-AF75FD062EC2}.AppStore|ARM.ActiveCfg = Release|ARM
		{1C4E3EE8-23C6-40D9-A7C8-AF75FD062EC2}.AppStore|ARM.Build.0 = Release|ARM
		{1C4E3EE8-23C6-40D9-A7C8-AF75FD062EC2}.AppStore|ARM.Deploy.0 = Release|ARM
		{1C4E3EE8-23C6-40D9-A7C8-AF75FD062EC2}.AppStore|iPhone.ActiveCfg = Release|x86
		{1C4E3EE8-23C6-40D9-A7C8-AF75FD062EC2}.AppStore|iPhone.Build.0 = Release|x86
		{1C4E3EE8-23C6-40D9-A7C8-AF75FD062EC2}.AppStore|iPhone.Deploy.0 = Release|x86
		{1C4E3EE8-23C6-40D9-A7C8-AF75FD062EC2}.AppStore|iPhoneSimulator.ActiveCfg = Release|x86
		{1C4E3EE8-23C6-40D9-A7C8-AF75FD062EC2}.AppStore|iPhoneSimulator.Build.0 = Release|x86
		{1C4E3EE8-23C6-40D9-A7C8-AF75FD062EC2}.AppStore|iPhoneSimulator.Deploy.0 = Release|x86
		{1C4E3EE8-23C6-40D9-A7C8-AF75FD062EC2}.AppStore|x64.ActiveCfg = Release|x64
		{1C4E3EE8-23C6-40D9-A7C8-AF75FD062EC2}.AppStore|x64.Build.0 = Release|x64
		{1C4E3EE8-23C6-40D9-A7C8-AF75FD062EC2}.AppStore|x64.Deploy.0 = Release|x64
		{1C4E3EE8-23C6-40D9-A7C8-AF75FD062EC2}.AppStore|x86.ActiveCfg = Release|x86
		{1C4E3EE8-23C6-40D9-A7C8-AF75FD062EC2}.AppStore|x86.Build.0 = Release|x86
		{1C4E3EE8-23C6-40D9-A7C8-AF75FD062EC2}.AppStore|x86.Deploy.0 = Release|x86
		{1C4E3EE8-23C6-40D9-A7C8-AF75FD062EC2}.Debug|Any CPU.ActiveCfg = Debug|x86
		{1C4E3EE8-23C6-40D9-A7C8-AF75FD062EC2}.Debug|Any CPU.Build.0 = Debug|x86
		{1C4E3EE8-23C6-40D9-A7C8-AF75FD062EC2}.Debug|Any CPU.Deploy.0 = Debug|x86
		{1C4E3EE8-23C6-40D9-A7C8-AF75FD062EC2}.Debug|ARM.ActiveCfg = Debug|ARM
		{1C4E3EE8-23C6-40D9-A7C8-AF75FD062EC2}.Debug|ARM.Build.0 = Debug|ARM
		{1C4E3EE8-23C6-40D9-A7C8-AF75FD062EC2}.Debug|ARM.Deploy.0 = Debug|ARM
		{1C4E3EE8-23C6-40D9-A7C8-AF75FD062EC2}.Debug|iPhone.ActiveCfg = Debug|x86
		{1C4E3EE8-23C6-40D9-A7C8-AF75FD062EC2}.Debug|iPhone.Build.0 = Debug|x86
		{1C4E3EE8-23C6-40D9-A7C8-AF75FD062EC2}.Debug|iPhone.Deploy.0 = Debug|x86
		{1C4E3EE8-23C6-40D9-A7C8-AF75FD062EC2}.Debug|iPhoneSimulator.ActiveCfg = Debug|x86
		{1C4E3EE8-23C6-40D9-A7C8-AF75FD062EC2}.Debug|iPhoneSimulator.Build.0 = Debug|x86
		{1C4E3EE8-23C6-40D9-A7C8-AF75FD062EC2}.Debug|iPhoneSimulator.Deploy.0 = Debug|x86
		{1C4E3EE8-23C6-40D9-A7C8-AF75FD062EC2}.Debug|x64.ActiveCfg = Debug|x64
		{1C4E3EE8-23C6-40D9-A7C8-AF75FD062EC2}.Debug|x64.Build.0 = Debug|x64
		{1C4E3EE8-23C6-40D9-A7C8-AF75FD062EC2}.Debug|x64.Deploy.0 = Debug|x64
		{1C4E3EE8-23C6-40D9-A7C8-AF75FD062EC2}.Debug|x86.ActiveCfg = Debug|x86
		{1C4E3EE8-23C6-40D9-A7C8-AF75FD062EC2}.Debug|x86.Build.0 = Debug|x86
		{1C4E3EE8-23C6-40D9-A7C8-AF75FD062EC2}.Debug|x86.Deploy.0 = Debug|x86
		{1C4E3EE8-23C6-40D9-A7C8-AF75FD062EC2}.Release|Any CPU.ActiveCfg = Release|x86
		{1C4E3EE8-23C6-40D9-A7C8-AF75FD062EC2}.Release|Any CPU.Build.0 = Release|x86
		{1C4E3EE8-23C6-40D9-A7C8-AF75FD062EC2}.Release|Any CPU.Deploy.0 = Release|x86
		{1C4E3EE8-23C6-40D9-A7C8-AF75FD062EC2}.Release|ARM.ActiveCfg = Release|ARM
		{1C4E3EE8-23C6-40D9-A7C8-AF75FD062EC2}.Release|ARM.Build.0 = Release|ARM
		{1C4E3EE8-23C6-40D9-A7C8-AF75FD062EC2}.Release|ARM.Deploy.0 = Release|ARM
		{1C4E3EE8-23C6-40D9-A7C8-AF75FD062EC2}.Release|iPhone.ActiveCfg = Release|x86
		{1C4E3EE8-23C6-40D9-A7C8-AF75FD062EC2}.Release|iPhone.Build.0 = Release|x86
		{1C4E3EE8-23C6-40D9-A7C8-AF75FD062EC2}.Release|iPhone.Deploy.0 = Release|x86
		{1C4E3EE8-23C6-40D9-A7C8-AF75FD062EC2}.Release|iPhoneSimulator.ActiveCfg = Release|x86
		{1C4E3EE8-23C6-40D9-A7C8-AF75FD062EC2}.Release|iPhoneSimulator.Build.0 = Release|x86
		{1C4E3EE8-23C6-40D9-A7C8-AF75FD062EC2}.Release|iPhoneSimulator.Deploy.0 = Release|x86
		{1C4E3EE8-23C6-40D9-A7C8-AF75FD062EC2}.Release|x64.ActiveCfg = Release|x64
		{1C4E3EE8-23C6-40D9-A7C8-AF75FD062EC2}.Release|x64.Build.0 = Release|x64
		{1C4E3EE8-23C6-40D9-A7C8-AF75FD062EC2}.Release|x64.Deploy.0 = Release|x64
		{1C4E3EE8-23C6-40D9-A7C8-AF75FD062EC2}.Release|x86.ActiveCfg = Release|x86
		{1C4E3EE8-23C6-40D9-A7C8-AF75FD062EC2}.Release|x86.Build.0 = Release|x86
		{1C4E3EE8-23C6-40D9-A7C8-AF75FD062EC2}.Release|x86.Deploy.0 = Release|x86
		{921EAA69-EFA2-403F-AAA7-02AE5FB899DA}.Ad-Hoc|Any CPU.ActiveCfg = Debug|Any CPU
		{921EAA69-EFA2-403F-AAA7-02AE5FB899DA}.Ad-Hoc|Any CPU.Build.0 = Debug|Any CPU
		{921EAA69-EFA2-403F-AAA7-02AE5FB899DA}.Ad-Hoc|Any CPU.Deploy.0 = Debug|Any CPU
		{921EAA69-EFA2-403F-AAA7-02AE5FB899DA}.Ad-Hoc|ARM.ActiveCfg = Debug|Any CPU
		{921EAA69-EFA2-403F-AAA7-02AE5FB899DA}.Ad-Hoc|ARM.Build.0 = Debug|Any CPU
		{921EAA69-EFA2-403F-AAA7-02AE5FB899DA}.Ad-Hoc|ARM.Deploy.0 = Debug|Any CPU
		{921EAA69-EFA2-403F-AAA7-02AE5FB899DA}.Ad-Hoc|iPhone.ActiveCfg = Debug|Any CPU
		{921EAA69-EFA2-403F-AAA7-02AE5FB899DA}.Ad-Hoc|iPhone.Build.0 = Debug|Any CPU
		{921EAA69-EFA2-403F-AAA7-02AE5FB899DA}.Ad-Hoc|iPhone.Deploy.0 = Debug|Any CPU
		{921EAA69-EFA2-403F-AAA7-02AE5FB899DA}.Ad-Hoc|iPhoneSimulator.ActiveCfg = Debug|Any CPU
		{921EAA69-EFA2-403F-AAA7-02AE5FB899DA}.Ad-Hoc|iPhoneSimulator.Build.0 = Debug|Any CPU
		{921EAA69-EFA2-403F-AAA7-02AE5FB899DA}.Ad-Hoc|iPhoneSimulator.Deploy.0 = Debug|Any CPU
		{921EAA69-EFA2-403F-AAA7-02AE5FB899DA}.Ad-Hoc|x64.ActiveCfg = Debug|Any CPU
		{921EAA69-EFA2-403F-AAA7-02AE5FB899DA}.Ad-Hoc|x64.Build.0 = Debug|Any CPU
		{921EAA69-EFA2-403F-AAA7-02AE5FB899DA}.Ad-Hoc|x64.Deploy.0 = Debug|Any CPU
		{921EAA69-EFA2-403F-AAA7-02AE5FB899DA}.Ad-Hoc|x86.ActiveCfg = Debug|Any CPU
		{921EAA69-EFA2-403F-AAA7-02AE5FB899DA}.Ad-Hoc|x86.Build.0 = Debug|Any CPU
		{921EAA69-EFA2-403F-AAA7-02AE5FB899DA}.Ad-Hoc|x86.Deploy.0 = Debug|Any CPU
		{921EAA69-EFA2-403F-AAA7-02AE5FB899DA}.AppStore|Any CPU.ActiveCfg = Debug|Any CPU
		{921EAA69-EFA2-403F-AAA7-02AE5FB899DA}.AppStore|Any CPU.Build.0 = Debug|Any CPU
		{921EAA69-EFA2-403F-AAA7-02AE5FB899DA}.AppStore|Any CPU.Deploy.0 = Debug|Any CPU
		{921EAA69-EFA2-403F-AAA7-02AE5FB899DA}.AppStore|ARM.ActiveCfg = Debug|Any CPU
		{921EAA69-EFA2-403F-AAA7-02AE5FB899DA}.AppStore|ARM.Build.0 = Debug|Any CPU
		{921EAA69-EFA2-403F-AAA7-02AE5FB899DA}.AppStore|ARM.Deploy.0 = Debug|Any CPU
		{921EAA69-EFA2-403F-AAA7-02AE5FB899DA}.AppStore|iPhone.ActiveCfg = Debug|Any CPU
		{921EAA69-EFA2-403F-AAA7-02AE5FB899DA}.AppStore|iPhone.Build.0 = Debug|Any CPU
		{921EAA69-EFA2-403F-AAA7-02AE5FB899DA}.AppStore|iPhone.Deploy.0 = Debug|Any CPU
		{921EAA69-EFA2-403F-AAA7-02AE5FB899DA}.AppStore|iPhoneSimulator.ActiveCfg = Debug|Any CPU
		{921EAA69-EFA2-403F-AAA7-02AE5FB899DA}.AppStore|iPhoneSimulator.Build.0 = Debug|Any CPU
		{921EAA69-EFA2-403F-AAA7-02AE5FB899DA}.AppStore|iPhoneSimulator.Deploy.0 = Debug|Any CPU
		{921EAA69-EFA2-403F-AAA7-02AE5FB899DA}.AppStore|x64.ActiveCfg = Debug|Any CPU
		{921EAA69-EFA2-403F-AAA7-02AE5FB899DA}.AppStore|x64.Build.0 = Debug|Any CPU
		{921EAA69-EFA2-403F-AAA7-02AE5FB899DA}.AppStore|x64.Deploy.0 = Debug|Any CPU
		{921EAA69-EFA2-403F-AAA7-02AE5FB899DA}.AppStore|x86.ActiveCfg = Debug|Any CPU
		{921EAA69-EFA2-403F-AAA7-02AE5FB899DA}.AppStore|x86.Build.0 = Debug|Any CPU
		{921EAA69-EFA2-403F-AAA7-02AE5FB899DA}.AppStore|x86.Deploy.0 = Debug|Any CPU
		{921EAA69-EFA2-403F-AAA7-02AE5FB899DA}.Debug|Any CPU.ActiveCfg = Debug|Any CPU
		{921EAA69-EFA2-403F-AAA7-02AE5FB899DA}.Debug|Any CPU.Build.0 = Debug|Any CPU
		{921EAA69-EFA2-403F-AAA7-02AE5FB899DA}.Debug|Any CPU.Deploy.0 = Debug|Any CPU
		{921EAA69-EFA2-403F-AAA7-02AE5FB899DA}.Debug|ARM.ActiveCfg = Debug|Any CPU
		{921EAA69-EFA2-403F-AAA7-02AE5FB899DA}.Debug|ARM.Build.0 = Debug|Any CPU
		{921EAA69-EFA2-403F-AAA7-02AE5FB899DA}.Debug|ARM.Deploy.0 = Debug|Any CPU
		{921EAA69-EFA2-403F-AAA7-02AE5FB899DA}.Debug|iPhone.ActiveCfg = Debug|Any CPU
		{921EAA69-EFA2-403F-AAA7-02AE5FB899DA}.Debug|iPhone.Build.0 = Debug|Any CPU
		{921EAA69-EFA2-403F-AAA7-02AE5FB899DA}.Debug|iPhone.Deploy.0 = Debug|Any CPU
		{921EAA69-EFA2-403F-AAA7-02AE5FB899DA}.Debug|iPhoneSimulator.ActiveCfg = Debug|Any CPU
		{921EAA69-EFA2-403F-AAA7-02AE5FB899DA}.Debug|iPhoneSimulator.Build.0 = Debug|Any CPU
		{921EAA69-EFA2-403F-AAA7-02AE5FB899DA}.Debug|iPhoneSimulator.Deploy.0 = Debug|Any CPU
		{921EAA69-EFA2-403F-AAA7-02AE5FB899DA}.Debug|x64.ActiveCfg = Debug|Any CPU
		{921EAA69-EFA2-403F-AAA7-02AE5FB899DA}.Debug|x64.Build.0 = Debug|Any CPU
		{921EAA69-EFA2-403F-AAA7-02AE5FB899DA}.Debug|x64.Deploy.0 = Debug|Any CPU
		{921EAA69-EFA2-403F-AAA7-02AE5FB899DA}.Debug|x86.ActiveCfg = Debug|Any CPU
		{921EAA69-EFA2-403F-AAA7-02AE5FB899DA}.Debug|x86.Build.0 = Debug|Any CPU
		{921EAA69-EFA2-403F-AAA7-02AE5FB899DA}.Debug|x86.Deploy.0 = Debug|Any CPU
		{921EAA69-EFA2-403F-AAA7-02AE5FB899DA}.Release|Any CPU.ActiveCfg = Release|Any CPU
		{921EAA69-EFA2-403F-AAA7-02AE5FB899DA}.Release|Any CPU.Build.0 = Release|Any CPU
		{921EAA69-EFA2-403F-AAA7-02AE5FB899DA}.Release|Any CPU.Deploy.0 = Release|Any CPU
		{921EAA69-EFA2-403F-AAA7-02AE5FB899DA}.Release|ARM.ActiveCfg = Release|Any CPU
		{921EAA69-EFA2-403F-AAA7-02AE5FB899DA}.Release|ARM.Build.0 = Release|Any CPU
		{921EAA69-EFA2-403F-AAA7-02AE5FB899DA}.Release|ARM.Deploy.0 = Release|Any CPU
		{921EAA69-EFA2-403F-AAA7-02AE5FB899DA}.Release|iPhone.ActiveCfg = Release|Any CPU
		{921EAA69-EFA2-403F-AAA7-02AE5FB899DA}.Release|iPhone.Build.0 = Release|Any CPU
		{921EAA69-EFA2-403F-AAA7-02AE5FB899DA}.Release|iPhone.Deploy.0 = Release|Any CPU
		{921EAA69-EFA2-403F-AAA7-02AE5FB899DA}.Release|iPhoneSimulator.ActiveCfg = Release|Any CPU
		{921EAA69-EFA2-403F-AAA7-02AE5FB899DA}.Release|iPhoneSimulator.Build.0 = Release|Any CPU
		{921EAA69-EFA2-403F-AAA7-02AE5FB899DA}.Release|iPhoneSimulator.Deploy.0 = Release|Any CPU
		{921EAA69-EFA2-403F-AAA7-02AE5FB899DA}.Release|x64.ActiveCfg = Release|Any CPU
		{921EAA69-EFA2-403F-AAA7-02AE5FB899DA}.Release|x64.Build.0 = Release|Any CPU
		{921EAA69-EFA2-403F-AAA7-02AE5FB899DA}.Release|x64.Deploy.0 = Release|Any CPU
		{921EAA69-EFA2-403F-AAA7-02AE5FB899DA}.Release|x86.ActiveCfg = Release|Any CPU
		{921EAA69-EFA2-403F-AAA7-02AE5FB899DA}.Release|x86.Build.0 = Release|Any CPU
		{921EAA69-EFA2-403F-AAA7-02AE5FB899DA}.Release|x86.Deploy.0 = Release|Any CPU
	EndGlobalSection
	GlobalSection(SolutionProperties) = preSolution
		HideSolutionNode = FALSE
	EndGlobalSection
	GlobalSection(ExtensibilityGlobals) = postSolution
		SolutionGuid = {7737CB51-0121-4051-A8C6-B2624EFBDC34}
	EndGlobalSection
EndGlobal
